
Microsoft Visual Studio Solution File, Format Version 12.00
# Visual Studio Version 17
VisualStudioVersion = 17.4.33213.308
MinimumVisualStudioVersion = 10.0.40219.1
Project("{FAE04EC0-301F-11D3-BF4B-00C04F79EFBC}") = "Polymophism", "Polymophism\Polymophism.csproj", "{760E8A0F-6109-4F0B-874A-E686D767E3F5}"
EndProject
Global
	GlobalSection(SolutionConfigurationPlatforms) = preSolution
		Debug|Any CPU = Debug|Any CPU
		Release|Any CPU = Release|Any CPU
	EndGlobalSection
	GlobalSection(ProjectConfigurationPlatforms) = postSolution
		{760E8A0F-6109-4F0B-874A-E686D767E3F5}.Debug|Any CPU.ActiveCfg = Debug|Any CPU
		{760E8A0F-6109-4F0B-874A-E686D767E3F5}.Debug|Any CPU.Build.0 = Debug|Any CPU
		{760E8A0F-6109-4F0B-874A-E686D767E3F5}.Release|Any CPU.ActiveCfg = Release|Any CPU
		{760E8A0F-6109-4F0B-874A-E686D767E3F5}.Release|Any CPU.Build.0 = Release|Any CPU
	EndGlobalSection
	GlobalSection(SolutionProperties) = preSolution
		HideSolutionNode = FALSE
	EndGlobalSection
	GlobalSection(ExtensibilityGlobals) = postSolution
		SolutionGuid = {E7E2EC17-84DD-444D-8E06-1C74AEEB0BE3}
	EndGlobalSection
EndGlobal
